
Microsoft Visual Studio Solution File, Format Version 12.00
# Visual Studio Version 17
VisualStudioVersion = 17.14.36414.22 d17.14
MinimumVisualStudioVersion = 10.0.40219.1
Project("{FAE04EC0-301F-11D3-BF4B-00C04F79EFBC}") = "Buyuk_Olanı_Bul", "Buyuk_Olanı_Bul\Buyuk_Olanı_Bul.csproj", "{B7B802E5-E8C9-4721-98D5-7A18FA3D95E3}"
EndProject
Global
	GlobalSection(SolutionConfigurationPlatforms) = preSolution
		Debug|Any CPU = Debug|Any CPU
		Release|Any CPU = Release|Any CPU
	EndGlobalSection
	GlobalSection(ProjectConfigurationPlatforms) = postSolution
		{B7B802E5-E8C9-4721-98D5-7A18FA3D95E3}.Debug|Any CPU.ActiveCfg = Debug|Any CPU
		{B7B802E5-E8C9-4721-98D5-7A18FA3D95E3}.Debug|Any CPU.Build.0 = Debug|Any CPU
		{B7B802E5-E8C9-4721-98D5-7A18FA3D95E3}.Release|Any CPU.ActiveCfg = Release|Any CPU
		{B7B802E5-E8C9-4721-98D5-7A18FA3D95E3}.Release|Any CPU.Build.0 = Release|Any CPU
	EndGlobalSection
	GlobalSection(SolutionProperties) = preSolution
		HideSolutionNode = FALSE
	EndGlobalSection
	GlobalSection(ExtensibilityGlobals) = postSolution
		SolutionGuid = {0F1A5135-C6C0-47D3-A6C1-2167CD906A7A}
	EndGlobalSection
EndGlobal
