
Microsoft Visual Studio Solution File, Format Version 12.00
# Visual Studio Version 17
VisualStudioVersion = 17.14.36414.22 d17.14
MinimumVisualStudioVersion = 10.0.40219.1
Project("{FAE04EC0-301F-11D3-BF4B-00C04F79EFBC}") = "RefOut", "RefOut\RefOut.csproj", "{1363CC15-8E35-4882-96F2-1C7650AB869A}"
EndProject
Global
	GlobalSection(SolutionConfigurationPlatforms) = preSolution
		Debug|Any CPU = Debug|Any CPU
		Release|Any CPU = Release|Any CPU
	EndGlobalSection
	GlobalSection(ProjectConfigurationPlatforms) = postSolution
		{1363CC15-8E35-4882-96F2-1C7650AB869A}.Debug|Any CPU.ActiveCfg = Debug|Any CPU
		{1363CC15-8E35-4882-96F2-1C7650AB869A}.Debug|Any CPU.Build.0 = Debug|Any CPU
		{1363CC15-8E35-4882-96F2-1C7650AB869A}.Release|Any CPU.ActiveCfg = Release|Any CPU
		{1363CC15-8E35-4882-96F2-1C7650AB869A}.Release|Any CPU.Build.0 = Release|Any CPU
	EndGlobalSection
	GlobalSection(SolutionProperties) = preSolution
		HideSolutionNode = FALSE
	EndGlobalSection
	GlobalSection(ExtensibilityGlobals) = postSolution
		SolutionGuid = {FF59A83C-2E1D-4919-8A8B-2346C9E89B57}
	EndGlobalSection
EndGlobal
